// !$*UTF8*$!
{
	archiveVersion = 1;
	classes = {
	};
	objectVersion = 46;
	objects = {

/* Begin PBXBuildFile section */
		8F72399A1CB6E93F00002CFB /* AppDelegate.swift in Sources */ = {isa = PBXBuildFile; fileRef = 8F7239991CB6E93F00002CFB /* AppDelegate.swift */; };
		8F72399C1CB6E93F00002CFB /* ViewController.swift in Sources */ = {isa = PBXBuildFile; fileRef = 8F72399B1CB6E93F00002CFB /* ViewController.swift */; };
		8F72399F1CB6E93F00002CFB /* Main.storyboard in Resources */ = {isa = PBXBuildFile; fileRef = 8F72399D1CB6E93F00002CFB /* Main.storyboard */; };
		8F7239A11CB6E93F00002CFB /* Assets.xcassets in Resources */ = {isa = PBXBuildFile; fileRef = 8F7239A01CB6E93F00002CFB /* Assets.xcassets */; };
		8F7239A41CB6E93F00002CFB /* LaunchScreen.storyboard in Resources */ = {isa = PBXBuildFile; fileRef = 8F7239A21CB6E93F00002CFB /* LaunchScreen.storyboard */; };
		8F7239AC1CB6EBB600002CFB /* DatePickerViewController.swift in Sources */ = {isa = PBXBuildFile; fileRef = 8F7239AB1CB6EBB600002CFB /* DatePickerViewController.swift */; };
/* End PBXBuildFile section */

/* Begin PBXFileReference section */
		8F7239961CB6E93F00002CFB /* Collapsible-DatePicker.app */ = {isa = PBXFileReference; explicitFileType = wrapper.application; includeInIndex = 0; path = "Collapsible-DatePicker.app"; sourceTree = BUILT_PRODUCTS_DIR; };
		8F7239991CB6E93F00002CFB /* AppDelegate.swift */ = {isa = PBXFileReference; lastKnownFileType = sourcecode.swift; path = AppDelegate.swift; sourceTree = "<group>"; };
		8F72399B1CB6E93F00002CFB /* ViewController.swift */ = {isa = PBXFileReference; lastKnownFileType = sourcecode.swift; path = ViewController.swift; sourceTree = "<group>"; };
		8F72399E1CB6E93F00002CFB /* Base */ = {isa = PBXFileReference; lastKnownFileType = file.storyboard; name = Base; path = Base.lproj/Main.storyboard; sourceTree = "<group>"; };
		8F7239A01CB6E93F00002CFB /* Assets.xcassets */ = {isa = PBXFileReference; lastKnownFileType = folder.assetcatalog; path = Assets.xcassets; sourceTree = "<group>"; };
		8F7239A31CB6E93F00002CFB /* Base */ = {isa = PBXFileReference; lastKnownFileType = file.storyboard; name = Base; path = Base.lproj/LaunchScreen.storyboard; sourceTree = "<group>"; };
		8F7239A51CB6E93F00002CFB /* Info.plist */ = {isa = PBXFileReference; lastKnownFileType = text.plist.xml; path = Info.plist; sourceTree = "<group>"; };
		8F7239AB1CB6EBB600002CFB /* DatePickerViewController.swift */ = {isa = PBXFileReference; fileEncoding = 4; lastKnownFileType = sourcecode.swift; path = DatePickerViewController.swift; sourceTree = "<group>"; };
/* End PBXFileReference section */

/* Begin PBXFrameworksBuildPhase section */
		8F7239931CB6E93F00002CFB /* Frameworks */ = {
			isa = PBXFrameworksBuildPhase;
			buildActionMask = 2147483647;
			files = (
			);
			runOnlyForDeploymentPostprocessing = 0;
		};
/* End PBXFrameworksBuildPhase section */

/* Begin PBXGroup section */
		8F72398D1CB6E93F00002CFB = {
			isa = PBXGroup;
			children = (
				8F7239981CB6E93F00002CFB /* Collapsible-DatePicker */,
				8F7239971CB6E93F00002CFB /* Products */,
			);
			sourceTree = "<group>";
		};
		8F7239971CB6E93F00002CFB /* Products */ = {
			isa = PBXGroup;
			children = (
				8F7239961CB6E93F00002CFB /* Collapsible-DatePicker.app */,
			);
			name = Products;
			sourceTree = "<group>";
		};
		8F7239981CB6E93F00002CFB /* Collapsible-DatePicker */ = {
			isa = PBXGroup;
			children = (
				8F7239991CB6E93F00002CFB /* AppDelegate.swift */,
				8F72399B1CB6E93F00002CFB /* ViewController.swift */,
				8F7239AB1CB6EBB600002CFB /* DatePickerViewController.swift */,
				8F72399D1CB6E93F00002CFB /* Main.storyboard */,
				8F7239A01CB6E93F00002CFB /* Assets.xcassets */,
				8F7239A21CB6E93F00002CFB /* LaunchScreen.storyboard */,
				8F7239A51CB6E93F00002CFB /* Info.plist */,
			);
			path = "Collapsible-DatePicker";
			sourceTree = "<group>";
		};
/* End PBXGroup section */

/* Begin PBXNativeTarget section */
		8F7239951CB6E93F00002CFB /* Collapsible-DatePicker */ = {
			isa = PBXNativeTarget;
			buildConfigurationList = 8F7239A81CB6E93F00002CFB /* Build configuration list for PBXNativeTarget "Collapsible-DatePicker" */;
			buildPhases = (
				8F7239921CB6E93F00002CFB /* Sources */,
				8F7239931CB6E93F00002CFB /* Frameworks */,
				8F7239941CB6E93F00002CFB /* Resources */,
			);
			buildRules = (
			);
			dependencies = (
			);
			name = "Collapsible-DatePicker";
			productName = "Collapsible-DatePicker";
			productReference = 8F7239961CB6E93F00002CFB /* Collapsible-DatePicker.app */;
			productType = "com.apple.product-type.application";
		};
/* End PBXNativeTarget section */

/* Begin PBXProject section */
		8F72398E1CB6E93F00002CFB /* Project object */ = {
			isa = PBXProject;
			attributes = {
				LastSwiftUpdateCheck = 0730;
				LastUpgradeCheck = 0730;
				ORGANIZATIONNAME = jogabo;
				TargetAttributes = {
					8F7239951CB6E93F00002CFB = {
						CreatedOnToolsVersion = 7.3;
					};
				};
			};
			buildConfigurationList = 8F7239911CB6E93F00002CFB /* Build configuration list for PBXProject "Collapsible-DatePicker" */;
			compatibilityVersion = "Xcode 3.2";
			developmentRegion = English;
			hasScannedForEncodings = 0;
			knownRegions = (
				en,
				Base,
			);
			mainGroup = 8F72398D1CB6E93F00002CFB;
			productRefGroup = 8F7239971CB6E93F00002CFB /* Products */;
			projectDirPath = "";
			projectRoot = "";
			targets = (
				8F7239951CB6E93F00002CFB /* Collapsible-DatePicker */,
			);
		};
/* End PBXProject section */

/* Begin PBXResourcesBuildPhase section */
		8F7239941CB6E93F00002CFB /* Resources */ = {
			isa = PBXResourcesBuildPhase;
			buildActionMask = 2147483647;
			files = (
				8F7239A41CB6E93F00002CFB /* LaunchScreen.storyboard in Resources */,
				8F7239A11CB6E93F00002CFB /* Assets.xcassets in Resources */,
				8F72399F1CB6E93F00002CFB /* Main.storyboard in Resources */,
			);
			runOnlyForDeploymentPostprocessing = 0;
		};
/* End PBXResourcesBuildPhase section */

/* Begin PBXSourcesBuildPhase section */
		8F7239921CB6E93F00002CFB /* Sources */ = {
			isa = PBXSourcesBuildPhase;
			buildActionMask = 2147483647;
			files = (
				8F72399C1CB6E93F00002CFB /* ViewController.swift in Sources */,
				8F72399A1CB6E93F00002CFB /* AppDelegate.swift in Sources */,
				8F7239AC1CB6EBB600002CFB /* DatePickerViewController.swift in Sources */,
			);
			runOnlyForDeploymentPostprocessing = 0;
		};
/* End PBXSourcesBuildPhase section */

/* Begin PBXVariantGroup section */
		8F72399D1CB6E93F00002CFB /* Main.storyboard */ = {
			isa = PBXVariantGroup;
			children = (
				8F72399E1CB6E93F00002CFB /* Base */,
			);
			name = Main.storyboard;
			sourceTree = "<group>";
		};
		8F7239A21CB6E93F00002CFB /* LaunchScreen.storyboard */ = {
			isa = PBXVariantGroup;
			children = (
				8F7239A31CB6E93F00002CFB /* Base */,
			);
			name = LaunchScreen.storyboard;
			sourceTree = "<group>";
		};
/* End PBXVariantGroup section */

/* Begin XCBuildConfiguration section */
		8F7239A61CB6E93F00002CFB /* Debug */ = {
			isa = XCBuildConfiguration;
			buildSettings = {
				ALWAYS_SEARCH_USER_PATHS = NO;
				CLANG_ANALYZER_NONNULL = YES;
				CLANG_CXX_LANGUAGE_STANDARD = "gnu++0x";
				CLANG_CXX_LIBRARY = "libc++";
				CLANG_ENABLE_MODULES = YES;
				CLANG_ENABLE_OBJC_ARC = YES;
				CLANG_WARN_BOOL_CONVERSION = YES;
				CLANG_WARN_CONSTANT_CONVERSION = YES;
				CLANG_WARN_DIRECT_OBJC_ISA_USAGE = YES_ERROR;
				CLANG_WARN_EMPTY_BODY = YES;
				CLANG_WARN_ENUM_CONVERSION = YES;
				CLANG_WARN_INT_CONVERSION = YES;
				CLANG_WARN_OBJC_ROOT_CLASS = YES_ERROR;
				CLANG_WARN_UNREACHABLE_CODE = YES;
				CLANG_WARN__DUPLICATE_METHOD_MATCH = YES;
				"CODE_SIGN_IDENTITY[sdk=iphoneos*]" = "iPhone Developer";
				COPY_PHASE_STRIP = NO;
				DEBUG_INFORMATION_FORMAT = dwarf;
				ENABLE_STRICT_OBJC_MSGSEND = YES;
				ENABLE_TESTABILITY = YES;
				GCC_C_LANGUAGE_STANDARD = gnu99;
				GCC_DYNAMIC_NO_PIC = NO;
				GCC_NO_COMMON_BLOCKS = YES;
				GCC_OPTIMIZATION_LEVEL = 0;
				GCC_PREPROCESSOR_DEFINITIONS = (
					"DEBUG=1",
					"$(inherited)",
				);
				GCC_WARN_64_TO_32_BIT_CONVERSION = YES;
				GCC_WARN_ABOUT_RETURN_TYPE = YES_ERROR;
				GCC_WARN_UNDECLARED_SELECTOR = YES;
				GCC_WARN_UNINITIALIZED_AUTOS = YES_AGGRESSIVE;
				GCC_WARN_UNUSED_FUNCTION = YES;
				GCC_WARN_UNUSED_VARIABLE = YES;
				IPHONEOS_DEPLOYMENT_TARGET = 9.3;
				MTL_ENABLE_DEBUG_INFO = YES;
				ONLY_ACTIVE_ARCH = YES;
				SDKROOT = iphoneos;
				SWIFT_OPTIMIZATION_LEVEL = "-Onone";
			};
			name = Debug;
		};
		8F7239A71CB6E93F00002CFB /* Release */ = {
			isa = XCBuildConfiguration;
			buildSettings = {
				ALWAYS_SEARCH_USER_PATHS = NO;
				CLANG_ANALYZER_NONNULL = YES;
				CLANG_CXX_LANGUAGE_STANDARD = "gnu++0x";
				CLANG_CXX_LIBRARY = "libc++";
				CLANG_ENABLE_MODULES = YES;
				CLANG_ENABLE_OBJC_ARC = YES;
				CLANG_WARN_BOOL_CONVERSION = YES;
				CLANG_WARN_CONSTANT_CONVERSION = YES;
				CLANG_WARN_DIRECT_OBJC_ISA_USAGE = YES_ERROR;
				CLANG_WARN_EMPTY_BODY = YES;
				CLANG_WARN_ENUM_CONVERSION = YES;
				CLANG_WARN_INT_CONVERSION = YES;
				CLANG_WARN_OBJC_ROOT_CLASS = YES_ERROR;
				CLANG_WARN_UNREACHABLE_CODE = YES;
				CLANG_WARN__DUPLICATE_METHOD_MATCH = YES;
				"CODE_SIGN_IDENTITY[sdk=iphoneos*]" = "iPhone Developer";
				COPY_PHASE_STRIP = NO;
				DEBUG_INFORMATION_FORMAT = "dwarf-with-dsym";
				ENABLE_NS_ASSERTIONS = NO;
				ENABLE_STRICT_OBJC_MSGSEND = YES;
				GCC_C_LANGUAGE_STANDARD = gnu99;
				GCC_NO_COMMON_BLOCKS = YES;
				GCC_WARN_64_TO_32_BIT_CONVERSION = YES;
				GCC_WARN_ABOUT_RETURN_TYPE = YES_ERROR;
				GCC_WARN_UNDECLARED_SELECTOR = YES;
				GCC_WARN_UNINITIALIZED_AUTOS = YES_AGGRESSIVE;
				GCC_WARN_UNUSED_FUNCTION = YES;
				GCC_WARN_UNUSED_VARIABLE = YES;
				IPHONEOS_DEPLOYMENT_TARGET = 9.3;
				MTL_ENABLE_DEBUG_INFO = NO;
				SDKROOT = iphoneos;
				VALIDATE_PRODUCT = YES;
			};
			name = Release;
		};
		8F7239A91CB6E93F00002CFB /* Debug */ = {
			isa = XCBuildConfiguration;
			buildSettings = {
				ASSETCATALOG_COMPILER_APPICON_NAME = AppIcon;
				INFOPLIST_FILE = "Collapsible-DatePicker/Info.plist";
				LD_RUNPATH_SEARCH_PATHS = "$(inherited) @executable_path/Frameworks";
				PRODUCT_BUNDLE_IDENTIFIER = "com.jogabo.Collapsible-DatePicker";
				PRODUCT_NAME = "$(TARGET_NAME)";
			};
			name = Debug;
		};
		8F7239AA1CB6E93F00002CFB /* Release */ = {
			isa = XCBuildConfiguration;
			buildSettings = {
				ASSETCATALOG_COMPILER_APPICON_NAME = AppIcon;
				INFOPLIST_FILE = "Collapsible-DatePicker/Info.plist";
				LD_RUNPATH_SEARCH_PATHS = "$(inherited) @executable_path/Frameworks";
				PRODUCT_BUNDLE_IDENTIFIER = "com.jogabo.Collapsible-DatePicker";
				PRODUCT_NAME = "$(TARGET_NAME)";
			};
			name = Release;
		};
/* End XCBuildConfiguration section */

/* Begin XCConfigurationList section */
		8F7239911CB6E93F00002CFB /* Build configuration list for PBXProject "Collapsible-DatePicker" */ = {
			isa = XCConfigurationList;
			buildConfigurations = (
				8F7239A61CB6E93F00002CFB /* Debug */,
				8F7239A71CB6E93F00002CFB /* Release */,
			);
			defaultConfigurationIsVisible = 0;
			defaultConfigurationName = Release;
		};
		8F7239A81CB6E93F00002CFB /* Build configuration list for PBXNativeTarget "Collapsible-DatePicker" */ = {
			isa = XCConfigurationList;
			buildConfigurations = (
				8F7239A91CB6E93F00002CFB /* Debug */,
				8F7239AA1CB6E93F00002CFB /* Release */,
			);
			defaultConfigurationIsVisible = 0;
			defaultConfigurationName = Release;
		};
/* End XCConfigurationList section */
	};
	rootObject = 8F72398E1CB6E93F00002CFB /* Project object */;
}
